
Microsoft Visual Studio Solution File, Format Version 12.00
# Visual Studio Version 17
VisualStudioVersion = 17.13.35913.81 d17.13
MinimumVisualStudioVersion = 10.0.40219.1
Project("{FAE04EC0-301F-11D3-BF4B-00C04F79EFBC}") = "API_MECANICA_JULIANO", "API_MECANICA_JULIANO.csproj", "{B894F2B9-2D12-4E5E-827F-79FB38B91ABF}"
EndProject
Global
	GlobalSection(SolutionConfigurationPlatforms) = preSolution
		Debug|Any CPU = Debug|Any CPU
		Release|Any CPU = Release|Any CPU
	EndGlobalSection
	GlobalSection(ProjectConfigurationPlatforms) = postSolution
		{B894F2B9-2D12-4E5E-827F-79FB38B91ABF}.Debug|Any CPU.ActiveCfg = Debug|Any CPU
		{B894F2B9-2D12-4E5E-827F-79FB38B91ABF}.Debug|Any CPU.Build.0 = Debug|Any CPU
		{B894F2B9-2D12-4E5E-827F-79FB38B91ABF}.Release|Any CPU.ActiveCfg = Release|Any CPU
		{B894F2B9-2D12-4E5E-827F-79FB38B91ABF}.Release|Any CPU.Build.0 = Release|Any CPU
	EndGlobalSection
	GlobalSection(SolutionProperties) = preSolution
		HideSolutionNode = FALSE
	EndGlobalSection
	GlobalSection(ExtensibilityGlobals) = postSolution
		SolutionGuid = {6EBF8744-7CA4-4DDC-AF2B-5D6D9EAE1D78}
	EndGlobalSection
EndGlobal
